// !$*UTF8*$!
{
	archiveVersion = 1;
	classes = {
	};
	objectVersion = 46;
	objects = {

/* Begin PBXBuildFile section */
		8D264A031E77C0B1005AB93A /* main.cpp in Sources */ = {isa = PBXBuildFile; fileRef = 8D264A021E77C0B1005AB93A /* main.cpp */; };
		F12A411B1EBCC5D300B18B83 /* Camera.cpp in Sources */ = {isa = PBXBuildFile; fileRef = F12A41171EBCC5D300B18B83 /* Camera.cpp */; };
		F12A411C1EBCC5D300B18B83 /* Device.cpp in Sources */ = {isa = PBXBuildFile; fileRef = F12A41191EBCC5D300B18B83 /* Device.cpp */; };
		F12A411F1EBCCF9800B18B83 /* Plane.cpp in Sources */ = {isa = PBXBuildFile; fileRef = F12A411D1EBCCF9800B18B83 /* Plane.cpp */; };
		F12A41221EBDF1AC00B18B83 /* Object.cpp in Sources */ = {isa = PBXBuildFile; fileRef = F12A41201EBDF1AC00B18B83 /* Object.cpp */; };
		F14916681E7397C200B50920 /* OpenGL.framework in Frameworks */ = {isa = PBXBuildFile; fileRef = F14916671E7397C200B50920 /* OpenGL.framework */; };
		F149166A1E7397D700B50920 /* GLUT.framework in Frameworks */ = {isa = PBXBuildFile; fileRef = F14916691E7397D700B50920 /* GLUT.framework */; };
		F17AF9E61E7EC3C5003016A8 /* EulerAngles.cpp in Sources */ = {isa = PBXBuildFile; fileRef = F17AF9D81E7EC3C5003016A8 /* EulerAngles.cpp */; };
		F17AF9E71E7EC3C5003016A8 /* MathUtil.cpp in Sources */ = {isa = PBXBuildFile; fileRef = F17AF9DA1E7EC3C5003016A8 /* MathUtil.cpp */; };
		F17AF9E81E7EC3C5003016A8 /* Matrix4x3.cpp in Sources */ = {isa = PBXBuildFile; fileRef = F17AF9DC1E7EC3C5003016A8 /* Matrix4x3.cpp */; };
		F17AF9E91E7EC3C5003016A8 /* Quaternion.cpp in Sources */ = {isa = PBXBuildFile; fileRef = F17AF9DE1E7EC3C5003016A8 /* Quaternion.cpp */; };
		F17AF9EA1E7EC3C5003016A8 /* RotationMatrix.cpp in Sources */ = {isa = PBXBuildFile; fileRef = F17AF9E01E7EC3C5003016A8 /* RotationMatrix.cpp */; };
		F17AF9EB1E7EC3C5003016A8 /* TriMesh.cpp in Sources */ = {isa = PBXBuildFile; fileRef = F17AF9E21E7EC3C5003016A8 /* TriMesh.cpp */; };
		F17AF9EC1E7EC3C5003016A8 /* Vector3.cpp in Sources */ = {isa = PBXBuildFile; fileRef = F17AF9E41E7EC3C5003016A8 /* Vector3.cpp */; };
/* End PBXBuildFile section */

/* Begin PBXCopyFilesBuildPhase section */
		F149165A1E73974700B50920 /* CopyFiles */ = {
			isa = PBXCopyFilesBuildPhase;
			buildActionMask = 2147483647;
			dstPath = /usr/share/man/man1/;
			dstSubfolderSpec = 0;
			files = (
			);
			runOnlyForDeploymentPostprocessing = 1;
		};
/* End PBXCopyFilesBuildPhase section */

/* Begin PBXFileReference section */
		8D264A021E77C0B1005AB93A /* main.cpp */ = {isa = PBXFileReference; fileEncoding = 4; lastKnownFileType = sourcecode.cpp.cpp; name = main.cpp; path = ../../Source/main.cpp; sourceTree = "<group>"; };
		F12A41171EBCC5D300B18B83 /* Camera.cpp */ = {isa = PBXFileReference; fileEncoding = 4; lastKnownFileType = sourcecode.cpp.cpp; name = Camera.cpp; path = ../../Source/Camera.cpp; sourceTree = "<group>"; };
		F12A41181EBCC5D300B18B83 /* Camera.hpp */ = {isa = PBXFileReference; fileEncoding = 4; lastKnownFileType = sourcecode.cpp.h; name = Camera.hpp; path = ../../Source/Camera.hpp; sourceTree = "<group>"; };
		F12A41191EBCC5D300B18B83 /* Device.cpp */ = {isa = PBXFileReference; fileEncoding = 4; lastKnownFileType = sourcecode.cpp.cpp; name = Device.cpp; path = ../../Source/Device.cpp; sourceTree = "<group>"; };
		F12A411A1EBCC5D300B18B83 /* Device.hpp */ = {isa = PBXFileReference; fileEncoding = 4; lastKnownFileType = sourcecode.cpp.h; name = Device.hpp; path = ../../Source/Device.hpp; sourceTree = "<group>"; };
		F12A411D1EBCCF9800B18B83 /* Plane.cpp */ = {isa = PBXFileReference; fileEncoding = 4; lastKnownFileType = sourcecode.cpp.cpp; name = Plane.cpp; path = ../../Source/Maths/Plane.cpp; sourceTree = "<group>"; };
		F12A411E1EBCCF9800B18B83 /* Plane.hpp */ = {isa = PBXFileReference; fileEncoding = 4; lastKnownFileType = sourcecode.cpp.h; name = Plane.hpp; path = ../../Source/Maths/Plane.hpp; sourceTree = "<group>"; };
		F12A41201EBDF1AC00B18B83 /* Object.cpp */ = {isa = PBXFileReference; fileEncoding = 4; lastKnownFileType = sourcecode.cpp.cpp; path = Object.cpp; sourceTree = "<group>"; };
		F12A41211EBDF1AC00B18B83 /* Object.hpp */ = {isa = PBXFileReference; fileEncoding = 4; lastKnownFileType = sourcecode.cpp.h; path = Object.hpp; sourceTree = "<group>"; };
		F12A41271EBDF53400B18B83 /* Macro.hpp */ = {isa = PBXFileReference; fileEncoding = 4; lastKnownFileType = sourcecode.cpp.h; path = Macro.hpp; sourceTree = "<group>"; };
		F149165C1E73974800B50920 /* RenderDemo */ = {isa = PBXFileReference; explicitFileType = "compiled.mach-o.executable"; includeInIndex = 0; path = RenderDemo; sourceTree = BUILT_PRODUCTS_DIR; };
		F14916671E7397C200B50920 /* OpenGL.framework */ = {isa = PBXFileReference; lastKnownFileType = wrapper.framework; name = OpenGL.framework; path = System/Library/Frameworks/OpenGL.framework; sourceTree = SDKROOT; };
		F14916691E7397D700B50920 /* GLUT.framework */ = {isa = PBXFileReference; lastKnownFileType = wrapper.framework; name = GLUT.framework; path = System/Library/Frameworks/GLUT.framework; sourceTree = SDKROOT; };
		F17AF9D81E7EC3C5003016A8 /* EulerAngles.cpp */ = {isa = PBXFileReference; fileEncoding = 4; lastKnownFileType = sourcecode.cpp.cpp; name = EulerAngles.cpp; path = ../../Source/Maths/EulerAngles.cpp; sourceTree = "<group>"; };
		F17AF9D91E7EC3C5003016A8 /* EulerAngles.hpp */ = {isa = PBXFileReference; fileEncoding = 4; lastKnownFileType = sourcecode.cpp.h; name = EulerAngles.hpp; path = ../../Source/Maths/EulerAngles.hpp; sourceTree = "<group>"; };
		F17AF9DA1E7EC3C5003016A8 /* MathUtil.cpp */ = {isa = PBXFileReference; fileEncoding = 4; lastKnownFileType = sourcecode.cpp.cpp; name = MathUtil.cpp; path = ../../Source/Maths/MathUtil.cpp; sourceTree = "<group>"; };
		F17AF9DB1E7EC3C5003016A8 /* MathUtil.hpp */ = {isa = PBXFileReference; fileEncoding = 4; lastKnownFileType = sourcecode.cpp.h; name = MathUtil.hpp; path = ../../Source/Maths/MathUtil.hpp; sourceTree = "<group>"; };
		F17AF9DC1E7EC3C5003016A8 /* Matrix4x3.cpp */ = {isa = PBXFileReference; fileEncoding = 4; lastKnownFileType = sourcecode.cpp.cpp; name = Matrix4x3.cpp; path = ../../Source/Maths/Matrix4x3.cpp; sourceTree = "<group>"; };
		F17AF9DD1E7EC3C5003016A8 /* Matrix4x3.hpp */ = {isa = PBXFileReference; fileEncoding = 4; lastKnownFileType = sourcecode.cpp.h; name = Matrix4x3.hpp; path = ../../Source/Maths/Matrix4x3.hpp; sourceTree = "<group>"; };
		F17AF9DE1E7EC3C5003016A8 /* Quaternion.cpp */ = {isa = PBXFileReference; fileEncoding = 4; lastKnownFileType = sourcecode.cpp.cpp; name = Quaternion.cpp; path = ../../Source/Maths/Quaternion.cpp; sourceTree = "<group>"; };
		F17AF9DF1E7EC3C5003016A8 /* Quaternion.hpp */ = {isa = PBXFileReference; fileEncoding = 4; lastKnownFileType = sourcecode.cpp.h; name = Quaternion.hpp; path = ../../Source/Maths/Quaternion.hpp; sourceTree = "<group>"; };
		F17AF9E01E7EC3C5003016A8 /* RotationMatrix.cpp */ = {isa = PBXFileReference; fileEncoding = 4; lastKnownFileType = sourcecode.cpp.cpp; name = RotationMatrix.cpp; path = ../../Source/Maths/RotationMatrix.cpp; sourceTree = "<group>"; };
		F17AF9E11E7EC3C5003016A8 /* RotationMatrix.hpp */ = {isa = PBXFileReference; fileEncoding = 4; lastKnownFileType = sourcecode.cpp.h; name = RotationMatrix.hpp; path = ../../Source/Maths/RotationMatrix.hpp; sourceTree = "<group>"; };
		F17AF9E21E7EC3C5003016A8 /* TriMesh.cpp */ = {isa = PBXFileReference; fileEncoding = 4; lastKnownFileType = sourcecode.cpp.cpp; name = TriMesh.cpp; path = ../../Source/Maths/TriMesh.cpp; sourceTree = "<group>"; };
		F17AF9E31E7EC3C5003016A8 /* TriMesh.hpp */ = {isa = PBXFileReference; fileEncoding = 4; lastKnownFileType = sourcecode.cpp.h; name = TriMesh.hpp; path = ../../Source/Maths/TriMesh.hpp; sourceTree = "<group>"; };
		F17AF9E41E7EC3C5003016A8 /* Vector3.cpp */ = {isa = PBXFileReference; fileEncoding = 4; lastKnownFileType = sourcecode.cpp.cpp; name = Vector3.cpp; path = ../../Source/Maths/Vector3.cpp; sourceTree = "<group>"; };
		F17AF9E51E7EC3C5003016A8 /* Vector3.hpp */ = {isa = PBXFileReference; fileEncoding = 4; lastKnownFileType = sourcecode.cpp.h; name = Vector3.hpp; path = ../../Source/Maths/Vector3.hpp; sourceTree = "<group>"; };
/* End PBXFileReference section */

/* Begin PBXFrameworksBuildPhase section */
		F14916591E73974700B50920 /* Frameworks */ = {
			isa = PBXFrameworksBuildPhase;
			buildActionMask = 2147483647;
			files = (
				F149166A1E7397D700B50920 /* GLUT.framework in Frameworks */,
				F14916681E7397C200B50920 /* OpenGL.framework in Frameworks */,
			);
			runOnlyForDeploymentPostprocessing = 0;
		};
/* End PBXFrameworksBuildPhase section */

/* Begin PBXGroup section */
		8D264A041E77C0BA005AB93A /* Maths */ = {
			isa = PBXGroup;
			children = (
				F12A411D1EBCCF9800B18B83 /* Plane.cpp */,
				F12A411E1EBCCF9800B18B83 /* Plane.hpp */,
				F17AF9D81E7EC3C5003016A8 /* EulerAngles.cpp */,
				F17AF9D91E7EC3C5003016A8 /* EulerAngles.hpp */,
				F17AF9DA1E7EC3C5003016A8 /* MathUtil.cpp */,
				F17AF9DB1E7EC3C5003016A8 /* MathUtil.hpp */,
				F17AF9DC1E7EC3C5003016A8 /* Matrix4x3.cpp */,
				F17AF9DD1E7EC3C5003016A8 /* Matrix4x3.hpp */,
				F17AF9DE1E7EC3C5003016A8 /* Quaternion.cpp */,
				F17AF9DF1E7EC3C5003016A8 /* Quaternion.hpp */,
				F17AF9E01E7EC3C5003016A8 /* RotationMatrix.cpp */,
				F17AF9E11E7EC3C5003016A8 /* RotationMatrix.hpp */,
				F17AF9E21E7EC3C5003016A8 /* TriMesh.cpp */,
				F17AF9E31E7EC3C5003016A8 /* TriMesh.hpp */,
				F17AF9E41E7EC3C5003016A8 /* Vector3.cpp */,
				F17AF9E51E7EC3C5003016A8 /* Vector3.hpp */,
			);
			name = Maths;
			sourceTree = "<group>";
		};
		F10312681E73ABD70096672C /* Source */ = {
			isa = PBXGroup;
			children = (
				F12A41171EBCC5D300B18B83 /* Camera.cpp */,
				F12A41181EBCC5D300B18B83 /* Camera.hpp */,
				F12A41191EBCC5D300B18B83 /* Device.cpp */,
				F12A411A1EBCC5D300B18B83 /* Device.hpp */,
				8D264A041E77C0BA005AB93A /* Maths */,
				8D264A021E77C0B1005AB93A /* main.cpp */,
				F12A41201EBDF1AC00B18B83 /* Object.cpp */,
				F12A41211EBDF1AC00B18B83 /* Object.hpp */,
				F12A41271EBDF53400B18B83 /* Macro.hpp */,
			);
			name = Source;
			sourceTree = "<group>";
		};
		F14916531E73974700B50920 = {
			isa = PBXGroup;
			children = (
				F10312681E73ABD70096672C /* Source */,
				F149165D1E73974800B50920 /* Products */,
				F14916661E7397C200B50920 /* Frameworks */,
			);
			sourceTree = "<group>";
		};
		F149165D1E73974800B50920 /* Products */ = {
			isa = PBXGroup;
			children = (
				F149165C1E73974800B50920 /* RenderDemo */,
			);
			name = Products;
			sourceTree = "<group>";
		};
		F14916661E7397C200B50920 /* Frameworks */ = {
			isa = PBXGroup;
			children = (
				F14916691E7397D700B50920 /* GLUT.framework */,
				F14916671E7397C200B50920 /* OpenGL.framework */,
			);
			name = Frameworks;
			sourceTree = "<group>";
		};
/* End PBXGroup section */

/* Begin PBXNativeTarget section */
		F149165B1E73974700B50920 /* RenderDemo */ = {
			isa = PBXNativeTarget;
			buildConfigurationList = F14916631E73974800B50920 /* Build configuration list for PBXNativeTarget "RenderDemo" */;
			buildPhases = (
				F14916581E73974700B50920 /* Sources */,
				F14916591E73974700B50920 /* Frameworks */,
				F149165A1E73974700B50920 /* CopyFiles */,
			);
			buildRules = (
			);
			dependencies = (
			);
			name = RenderDemo;
			productName = RenderDemo;
			productReference = F149165C1E73974800B50920 /* RenderDemo */;
			productType = "com.apple.product-type.tool";
		};
/* End PBXNativeTarget section */

/* Begin PBXProject section */
		F14916541E73974700B50920 /* Project object */ = {
			isa = PBXProject;
			attributes = {
				LastUpgradeCheck = 0820;
				ORGANIZATIONNAME = yuffy;
				TargetAttributes = {
					F149165B1E73974700B50920 = {
						CreatedOnToolsVersion = 8.2.1;
						ProvisioningStyle = Automatic;
					};
				};
			};
			buildConfigurationList = F14916571E73974700B50920 /* Build configuration list for PBXProject "RenderDemo" */;
			compatibilityVersion = "Xcode 3.2";
			developmentRegion = English;
			hasScannedForEncodings = 0;
			knownRegions = (
				en,
			);
			mainGroup = F14916531E73974700B50920;
			productRefGroup = F149165D1E73974800B50920 /* Products */;
			projectDirPath = "";
			projectRoot = "";
			targets = (
				F149165B1E73974700B50920 /* RenderDemo */,
			);
		};
/* End PBXProject section */

/* Begin PBXSourcesBuildPhase section */
		F14916581E73974700B50920 /* Sources */ = {
			isa = PBXSourcesBuildPhase;
			buildActionMask = 2147483647;
			files = (
				F17AF9EA1E7EC3C5003016A8 /* RotationMatrix.cpp in Sources */,
				F12A411C1EBCC5D300B18B83 /* Device.cpp in Sources */,
				F12A41221EBDF1AC00B18B83 /* Object.cpp in Sources */,
				F17AF9E71E7EC3C5003016A8 /* MathUtil.cpp in Sources */,
				F17AF9EC1E7EC3C5003016A8 /* Vector3.cpp in Sources */,
				F12A411F1EBCCF9800B18B83 /* Plane.cpp in Sources */,
				F17AF9EB1E7EC3C5003016A8 /* TriMesh.cpp in Sources */,
				F12A411B1EBCC5D300B18B83 /* Camera.cpp in Sources */,
				8D264A031E77C0B1005AB93A /* main.cpp in Sources */,
				F17AF9E81E7EC3C5003016A8 /* Matrix4x3.cpp in Sources */,
				F17AF9E91E7EC3C5003016A8 /* Quaternion.cpp in Sources */,
				F17AF9E61E7EC3C5003016A8 /* EulerAngles.cpp in Sources */,
			);
			runOnlyForDeploymentPostprocessing = 0;
		};
/* End PBXSourcesBuildPhase section */

/* Begin XCBuildConfiguration section */
		F14916611E73974800B50920 /* Debug */ = {
			isa = XCBuildConfiguration;
			buildSettings = {
				ALWAYS_SEARCH_USER_PATHS = NO;
				CLANG_ANALYZER_NONNULL = YES;
				CLANG_CXX_LANGUAGE_STANDARD = "gnu++0x";
				CLANG_CXX_LIBRARY = "libc++";
				CLANG_ENABLE_MODULES = YES;
				CLANG_ENABLE_OBJC_ARC = YES;
				CLANG_WARN_BOOL_CONVERSION = YES;
				CLANG_WARN_CONSTANT_CONVERSION = YES;
				CLANG_WARN_DIRECT_OBJC_ISA_USAGE = YES_ERROR;
				CLANG_WARN_DOCUMENTATION_COMMENTS = YES;
				CLANG_WARN_EMPTY_BODY = YES;
				CLANG_WARN_ENUM_CONVERSION = YES;
				CLANG_WARN_INFINITE_RECURSION = YES;
				CLANG_WARN_INT_CONVERSION = YES;
				CLANG_WARN_OBJC_ROOT_CLASS = YES_ERROR;
				CLANG_WARN_SUSPICIOUS_MOVE = YES;
				CLANG_WARN_UNREACHABLE_CODE = YES;
				CLANG_WARN__DUPLICATE_METHOD_MATCH = YES;
				CODE_SIGN_IDENTITY = "-";
				COPY_PHASE_STRIP = NO;
				DEBUG_INFORMATION_FORMAT = dwarf;
				ENABLE_STRICT_OBJC_MSGSEND = YES;
				ENABLE_TESTABILITY = YES;
				GCC_C_LANGUAGE_STANDARD = gnu99;
				GCC_DYNAMIC_NO_PIC = NO;
				GCC_NO_COMMON_BLOCKS = YES;
				GCC_OPTIMIZATION_LEVEL = 0;
				GCC_PREPROCESSOR_DEFINITIONS = (
					"DEBUG=1",
					"$(inherited)",
				);
				GCC_WARN_64_TO_32_BIT_CONVERSION = YES;
				GCC_WARN_ABOUT_RETURN_TYPE = YES_ERROR;
				GCC_WARN_UNDECLARED_SELECTOR = YES;
				GCC_WARN_UNINITIALIZED_AUTOS = YES_AGGRESSIVE;
				GCC_WARN_UNUSED_FUNCTION = YES;
				GCC_WARN_UNUSED_VARIABLE = YES;
				MACOSX_DEPLOYMENT_TARGET = 10.12;
				MTL_ENABLE_DEBUG_INFO = YES;
				ONLY_ACTIVE_ARCH = YES;
				SDKROOT = macosx;
			};
			name = Debug;
		};
		F14916621E73974800B50920 /* Release */ = {
			isa = XCBuildConfiguration;
			buildSettings = {
				ALWAYS_SEARCH_USER_PATHS = NO;
				CLANG_ANALYZER_NONNULL = YES;
				CLANG_CXX_LANGUAGE_STANDARD = "gnu++0x";
				CLANG_CXX_LIBRARY = "libc++";
				CLANG_ENABLE_MODULES = YES;
				CLANG_ENABLE_OBJC_ARC = YES;
				CLANG_WARN_BOOL_CONVERSION = YES;
				CLANG_WARN_CONSTANT_CONVERSION = YES;
				CLANG_WARN_DIRECT_OBJC_ISA_USAGE = YES_ERROR;
				CLANG_WARN_DOCUMENTATION_COMMENTS = YES;
				CLANG_WARN_EMPTY_BODY = YES;
				CLANG_WARN_ENUM_CONVERSION = YES;
				CLANG_WARN_INFINITE_RECURSION = YES;
				CLANG_WARN_INT_CONVERSION = YES;
				CLANG_WARN_OBJC_ROOT_CLASS = YES_ERROR;
				CLANG_WARN_SUSPICIOUS_MOVE = YES;
				CLANG_WARN_UNREACHABLE_CODE = YES;
				CLANG_WARN__DUPLICATE_METHOD_MATCH = YES;
				CODE_SIGN_IDENTITY = "-";
				COPY_PHASE_STRIP = NO;
				DEBUG_INFORMATION_FORMAT = "dwarf-with-dsym";
				ENABLE_NS_ASSERTIONS = NO;
				ENABLE_STRICT_OBJC_MSGSEND = YES;
				GCC_C_LANGUAGE_STANDARD = gnu99;
				GCC_NO_COMMON_BLOCKS = YES;
				GCC_WARN_64_TO_32_BIT_CONVERSION = YES;
				GCC_WARN_ABOUT_RETURN_TYPE = YES_ERROR;
				GCC_WARN_UNDECLARED_SELECTOR = YES;
				GCC_WARN_UNINITIALIZED_AUTOS = YES_AGGRESSIVE;
				GCC_WARN_UNUSED_FUNCTION = YES;
				GCC_WARN_UNUSED_VARIABLE = YES;
				MACOSX_DEPLOYMENT_TARGET = 10.12;
				MTL_ENABLE_DEBUG_INFO = NO;
				SDKROOT = macosx;
			};
			name = Release;
		};
		F14916641E73974800B50920 /* Debug */ = {
			isa = XCBuildConfiguration;
			buildSettings = {
				PRODUCT_NAME = "$(TARGET_NAME)";
			};
			name = Debug;
		};
		F14916651E73974800B50920 /* Release */ = {
			isa = XCBuildConfiguration;
			buildSettings = {
				PRODUCT_NAME = "$(TARGET_NAME)";
			};
			name = Release;
		};
/* End XCBuildConfiguration section */

/* Begin XCConfigurationList section */
		F14916571E73974700B50920 /* Build configuration list for PBXProject "RenderDemo" */ = {
			isa = XCConfigurationList;
			buildConfigurations = (
				F14916611E73974800B50920 /* Debug */,
				F14916621E73974800B50920 /* Release */,
			);
			defaultConfigurationIsVisible = 0;
			defaultConfigurationName = Release;
		};
		F14916631E73974800B50920 /* Build configuration list for PBXNativeTarget "RenderDemo" */ = {
			isa = XCConfigurationList;
			buildConfigurations = (
				F14916641E73974800B50920 /* Debug */,
				F14916651E73974800B50920 /* Release */,
			);
			defaultConfigurationIsVisible = 0;
			defaultConfigurationName = Release;
		};
/* End XCConfigurationList section */
	};
	rootObject = F14916541E73974700B50920 /* Project object */;
}
